// !$*UTF8*$!
{
	archiveVersion = 1;
	classes = {
	};
	objectVersion = 56;
	objects = {

/* Begin PBXBuildFile section */
		0950D2968A50340B722BE6DF /* Date+Extension.swift in Sources */ = {isa = PBXBuildFile; fileRef = 52737BF715048B9E9F482027 /* Date+Extension.swift */; };
		13A80793605421A3903CD71A /* StatisticsView.swift in Sources */ = {isa = PBXBuildFile; fileRef = D1BEDC6A7CD0CB1A6C42D351 /* StatisticsView.swift */; };
		16F9E11F5748F13797EBEEE4 /* AddTransactionView.swift in Sources */ = {isa = PBXBuildFile; fileRef = 9CC42869CC373B92FB819D3B /* AddTransactionView.swift */; };
		1C89BFC61BC442DC1072EFA7 /* DayButton.swift in Sources */ = {isa = PBXBuildFile; fileRef = 445C46ED1BD5A57790AB3FBD /* DayButton.swift */; };
		2EE19140588C98E6E31F575D /* TransactionsView.swift in Sources */ = {isa = PBXBuildFile; fileRef = FE3510850EACAC364900717B /* TransactionsView.swift */; };
		3F3D1639DD7BBAE8750A67C2 /* OrbitUITestsLaunchTests.swift in Sources */ = {isa = PBXBuildFile; fileRef = A28DFDADFE30384EE17AD0F1 /* OrbitUITestsLaunchTests.swift */; };
		4005EDC7AD44DB530C22EC37 /* SettingsView.swift in Sources */ = {isa = PBXBuildFile; fileRef = 25964566A8554AF23646D178 /* SettingsView.swift */; };
		48292EB2DDBC1FB479A86E79 /* CalendarHeaderView.swift in Sources */ = {isa = PBXBuildFile; fileRef = 4254500BA98A76D3D189FE8C /* CalendarHeaderView.swift */; };
		52F3EC4BC1F213E906783BDD /* Category.swift in Sources */ = {isa = PBXBuildFile; fileRef = 3CB48928380DBC79007F1B4C /* Category.swift */; };
		5CAECABC93C4D56A9182395F /* DailyTransactionListView.swift in Sources */ = {isa = PBXBuildFile; fileRef = 2118BF4485C3B53C7EA96357 /* DailyTransactionListView.swift */; };
		70BE46B3392FBBE30C28B5A4 /* OrbitApp.swift in Sources */ = {isa = PBXBuildFile; fileRef = A358B69CC630D3E4DB99D29A /* OrbitApp.swift */; };
		76566190AB5F88C18105BB39 /* TransactionType.swift in Sources */ = {isa = PBXBuildFile; fileRef = 327BA3B23E4FD40F28153AA8 /* TransactionType.swift */; };
		7DBAFCFB2E5EA5EE35D48F25 /* WeekdayHeaderView.swift in Sources */ = {isa = PBXBuildFile; fileRef = 073A8A52DA96A78F8D9B05CF /* WeekdayHeaderView.swift */; };
		8609B1E32DA8264E3DD21FA3 /* HomeView.swift in Sources */ = {isa = PBXBuildFile; fileRef = DFCDA9D708C134766B316CBF /* HomeView.swift */; };
		8B6C96169DC7267E12AD626C /* CalendarView.swift in Sources */ = {isa = PBXBuildFile; fileRef = 367A97CC0D085FA2A5891900 /* CalendarView.swift */; };
		90C3EDEC8B4DCCA7FB7DCA55 /* TranscationAddButton.swift in Sources */ = {isa = PBXBuildFile; fileRef = 59805E5B91445156ED61CF80 /* TranscationAddButton.swift */; };
		C41C22D91004CF53BBDFD4C5 /* CalendarGridView.swift in Sources */ = {isa = PBXBuildFile; fileRef = FA7C6DA41933E7EED95E7113 /* CalendarGridView.swift */; };
		C95D5E0664F2AFA4B6FF398C /* TabBarView.swift in Sources */ = {isa = PBXBuildFile; fileRef = 3D4D6F3E5B209BED006285FB /* TabBarView.swift */; };
		D2D890D7A16C50E3E0EA5889 /* CalendarViewModel.swift in Sources */ = {isa = PBXBuildFile; fileRef = DF08A7E463EF6234491F5D36 /* CalendarViewModel.swift */; };
		E6126717284F280B1CA732BE /* Transaction.swift in Sources */ = {isa = PBXBuildFile; fileRef = 7CFEA693FACA1DA764A43EE0 /* Transaction.swift */; };
		EBA9ED85BA1FE01EE8AAD8F0 /* ContentView.swift in Sources */ = {isa = PBXBuildFile; fileRef = 1F876E8119EFCC1B4F487D4D /* ContentView.swift */; };
		F5E5F111796C73446BCEE61B /* OrbitTests.swift in Sources */ = {isa = PBXBuildFile; fileRef = CD626ADB01C63D6268B60BE9 /* OrbitTests.swift */; };
		FD92D37B5E377566D009B372 /* OrbitUITests.swift in Sources */ = {isa = PBXBuildFile; fileRef = 6B099CE992368842736A48DB /* OrbitUITests.swift */; };
		FE665F2D0D85CDC1D062F53F /* TransactionRowView.swift in Sources */ = {isa = PBXBuildFile; fileRef = 3F0A94D04189CA37A51B67E3 /* TransactionRowView.swift */; };
/* End PBXBuildFile section */

/* Begin PBXContainerItemProxy section */
		506E17A96F853FA73105BB02 /* PBXContainerItemProxy */ = {
			isa = PBXContainerItemProxy;
			containerPortal = 0A57824173AF238C16E5DFDB /* Project object */;
			proxyType = 1;
			remoteGlobalIDString = B87EF018B641D85E34ED2D32;
			remoteInfo = Orbit;
		};
		7F41001E01457D01BD6AFFA3 /* PBXContainerItemProxy */ = {
			isa = PBXContainerItemProxy;
			containerPortal = 0A57824173AF238C16E5DFDB /* Project object */;
			proxyType = 1;
			remoteGlobalIDString = B87EF018B641D85E34ED2D32;
			remoteInfo = Orbit;
		};
/* End PBXContainerItemProxy section */

/* Begin PBXCopyFilesBuildPhase section */
		346E05897B59A51607791699 /* Embed Frameworks */ = {
			isa = PBXCopyFilesBuildPhase;
			buildActionMask = 2147483647;
			dstPath = "";
			dstSubfolderSpec = 10;
			files = (
			);
			name = "Embed Frameworks";
			runOnlyForDeploymentPostprocessing = 0;
		};
		567C80CE5FC3F6BE91749ECB /* Embed Frameworks */ = {
			isa = PBXCopyFilesBuildPhase;
			buildActionMask = 2147483647;
			dstPath = "";
			dstSubfolderSpec = 10;
			files = (
			);
			name = "Embed Frameworks";
			runOnlyForDeploymentPostprocessing = 0;
		};
		D60EFF89993DA83950EE7F1E /* Embed Frameworks */ = {
			isa = PBXCopyFilesBuildPhase;
			buildActionMask = 2147483647;
			dstPath = "";
			dstSubfolderSpec = 10;
			files = (
			);
			name = "Embed Frameworks";
			runOnlyForDeploymentPostprocessing = 0;
		};
/* End PBXCopyFilesBuildPhase section */

/* Begin PBXFileReference section */
		06F972D97FBB808DD3009ACB /* OrbitTests-Info.plist */ = {isa = PBXFileReference; lastKnownFileType = text.plist; path = "OrbitTests-Info.plist"; sourceTree = "<group>"; };
		073A8A52DA96A78F8D9B05CF /* WeekdayHeaderView.swift */ = {isa = PBXFileReference; lastKnownFileType = sourcecode.swift; path = WeekdayHeaderView.swift; sourceTree = "<group>"; };
		1F876E8119EFCC1B4F487D4D /* ContentView.swift */ = {isa = PBXFileReference; lastKnownFileType = sourcecode.swift; path = ContentView.swift; sourceTree = "<group>"; };
		2118BF4485C3B53C7EA96357 /* DailyTransactionListView.swift */ = {isa = PBXFileReference; lastKnownFileType = sourcecode.swift; path = DailyTransactionListView.swift; sourceTree = "<group>"; };
		25964566A8554AF23646D178 /* SettingsView.swift */ = {isa = PBXFileReference; lastKnownFileType = sourcecode.swift; path = SettingsView.swift; sourceTree = "<group>"; };
		327BA3B23E4FD40F28153AA8 /* TransactionType.swift */ = {isa = PBXFileReference; lastKnownFileType = sourcecode.swift; path = TransactionType.swift; sourceTree = "<group>"; };
		367A97CC0D085FA2A5891900 /* CalendarView.swift */ = {isa = PBXFileReference; lastKnownFileType = sourcecode.swift; path = CalendarView.swift; sourceTree = "<group>"; };
		3CB48928380DBC79007F1B4C /* Category.swift */ = {isa = PBXFileReference; lastKnownFileType = sourcecode.swift; path = Category.swift; sourceTree = "<group>"; };
		3D4D6F3E5B209BED006285FB /* TabBarView.swift */ = {isa = PBXFileReference; lastKnownFileType = sourcecode.swift; path = TabBarView.swift; sourceTree = "<group>"; };
		3F0A94D04189CA37A51B67E3 /* TransactionRowView.swift */ = {isa = PBXFileReference; lastKnownFileType = sourcecode.swift; path = TransactionRowView.swift; sourceTree = "<group>"; };
		4254500BA98A76D3D189FE8C /* CalendarHeaderView.swift */ = {isa = PBXFileReference; lastKnownFileType = sourcecode.swift; path = CalendarHeaderView.swift; sourceTree = "<group>"; };
		445C46ED1BD5A57790AB3FBD /* DayButton.swift */ = {isa = PBXFileReference; lastKnownFileType = sourcecode.swift; path = DayButton.swift; sourceTree = "<group>"; };
		52737BF715048B9E9F482027 /* Date+Extension.swift */ = {isa = PBXFileReference; lastKnownFileType = sourcecode.swift; path = "Date+Extension.swift"; sourceTree = "<group>"; };
		592CFCA1867533BFE1BD7548 /* OrbitUITests.xctest */ = {isa = PBXFileReference; explicitFileType = wrapper.cfbundle; includeInIndex = 0; path = OrbitUITests.xctest; sourceTree = BUILT_PRODUCTS_DIR; };
		59805E5B91445156ED61CF80 /* TranscationAddButton.swift */ = {isa = PBXFileReference; lastKnownFileType = sourcecode.swift; path = TranscationAddButton.swift; sourceTree = "<group>"; };
		6B099CE992368842736A48DB /* OrbitUITests.swift */ = {isa = PBXFileReference; lastKnownFileType = sourcecode.swift; path = OrbitUITests.swift; sourceTree = "<group>"; };
		702C2627EDCF0EA1B348A50A /* OrbitUITests-Info.plist */ = {isa = PBXFileReference; lastKnownFileType = text.plist; path = "OrbitUITests-Info.plist"; sourceTree = "<group>"; };
		75010385893A952EE33B9BBD /* OrbitTests.xctest */ = {isa = PBXFileReference; explicitFileType = wrapper.cfbundle; includeInIndex = 0; path = OrbitTests.xctest; sourceTree = BUILT_PRODUCTS_DIR; };
		7BF62ED6659566618BD16F46 /* Orbit.app */ = {isa = PBXFileReference; explicitFileType = wrapper.application; includeInIndex = 0; path = Orbit.app; sourceTree = BUILT_PRODUCTS_DIR; };
		7CFEA693FACA1DA764A43EE0 /* Transaction.swift */ = {isa = PBXFileReference; lastKnownFileType = sourcecode.swift; path = Transaction.swift; sourceTree = "<group>"; };
		9CC42869CC373B92FB819D3B /* AddTransactionView.swift */ = {isa = PBXFileReference; lastKnownFileType = sourcecode.swift; path = AddTransactionView.swift; sourceTree = "<group>"; };
		A28DFDADFE30384EE17AD0F1 /* OrbitUITestsLaunchTests.swift */ = {isa = PBXFileReference; lastKnownFileType = sourcecode.swift; path = OrbitUITestsLaunchTests.swift; sourceTree = "<group>"; };
		A358B69CC630D3E4DB99D29A /* OrbitApp.swift */ = {isa = PBXFileReference; lastKnownFileType = sourcecode.swift; path = OrbitApp.swift; sourceTree = "<group>"; };
		A4307D28DB6313B8913A3AD4 /* Orbit-Info.plist */ = {isa = PBXFileReference; lastKnownFileType = text.plist; path = "Orbit-Info.plist"; sourceTree = "<group>"; };
		CD626ADB01C63D6268B60BE9 /* OrbitTests.swift */ = {isa = PBXFileReference; lastKnownFileType = sourcecode.swift; path = OrbitTests.swift; sourceTree = "<group>"; };
		D1BEDC6A7CD0CB1A6C42D351 /* StatisticsView.swift */ = {isa = PBXFileReference; lastKnownFileType = sourcecode.swift; path = StatisticsView.swift; sourceTree = "<group>"; };
		DF08A7E463EF6234491F5D36 /* CalendarViewModel.swift */ = {isa = PBXFileReference; lastKnownFileType = sourcecode.swift; path = CalendarViewModel.swift; sourceTree = "<group>"; };
		DFCDA9D708C134766B316CBF /* HomeView.swift */ = {isa = PBXFileReference; lastKnownFileType = sourcecode.swift; path = HomeView.swift; sourceTree = "<group>"; };
		FA7C6DA41933E7EED95E7113 /* CalendarGridView.swift */ = {isa = PBXFileReference; lastKnownFileType = sourcecode.swift; path = CalendarGridView.swift; sourceTree = "<group>"; };
		FE3510850EACAC364900717B /* TransactionsView.swift */ = {isa = PBXFileReference; lastKnownFileType = sourcecode.swift; path = TransactionsView.swift; sourceTree = "<group>"; };
/* End PBXFileReference section */

/* Begin PBXFrameworksBuildPhase section */
		392E3C19CF3C54842347D961 /* Frameworks */ = {
			isa = PBXFrameworksBuildPhase;
			buildActionMask = 2147483647;
			files = (
			);
			runOnlyForDeploymentPostprocessing = 0;
		};
		5FF2D7A0F497DEB047C2AC57 /* Frameworks */ = {
			isa = PBXFrameworksBuildPhase;
			buildActionMask = 2147483647;
			files = (
			);
			runOnlyForDeploymentPostprocessing = 0;
		};
		AC23419267EB092E8D8A05AB /* Frameworks */ = {
			isa = PBXFrameworksBuildPhase;
			buildActionMask = 2147483647;
			files = (
			);
			runOnlyForDeploymentPostprocessing = 0;
		};
/* End PBXFrameworksBuildPhase section */

/* Begin PBXGroup section */
		1BF56B35CA67A039147B0292 /* Tests */ = {
			isa = PBXGroup;
			children = (
			);
			path = Tests;
			sourceTree = "<group>";
		};
		1BF7E19CC113AD60557F4909 /* Orbit */ = {
			isa = PBXGroup;
			children = (
				8A7E70D5672E5D20F65B53F0 /* Sources */,
				1BF56B35CA67A039147B0292 /* Tests */,
			);
			path = Orbit;
			sourceTree = "<group>";
		};
		2A78A93B70CB5D095699FA21 /* Calendar */ = {
			isa = PBXGroup;
			children = (
				FA7C6DA41933E7EED95E7113 /* CalendarGridView.swift */,
				4254500BA98A76D3D189FE8C /* CalendarHeaderView.swift */,
				367A97CC0D085FA2A5891900 /* CalendarView.swift */,
				DF08A7E463EF6234491F5D36 /* CalendarViewModel.swift */,
				445C46ED1BD5A57790AB3FBD /* DayButton.swift */,
				073A8A52DA96A78F8D9B05CF /* WeekdayHeaderView.swift */,
			);
			path = Calendar;
			sourceTree = "<group>";
		};
		55C715A6DF7C4ECAD6E3D05D /* OrbitTests */ = {
			isa = PBXGroup;
			children = (
				CD626ADB01C63D6268B60BE9 /* OrbitTests.swift */,
			);
			path = OrbitTests;
			sourceTree = "<group>";
		};
		5E43091C099655A00587B481 /* Project */ = {
			isa = PBXGroup;
			children = (
				78B0B617B7FE1D8FA4013348 /* Derived */,
				CB650569D5A040647FB9E767 /* Orbit */,
				55C715A6DF7C4ECAD6E3D05D /* OrbitTests */,
				AF39417A1D7E03B7D3518F97 /* OrbitUITests */,
			);
			name = Project;
			sourceTree = "<group>";
		};
		6866E45E144E927919728F16 /* Common */ = {
			isa = PBXGroup;
			children = (
				F6F64BE6BA7C4F061F8F4E5D /* Enum */,
				7C43B3B6C6887343879DD9D0 /* Extension */,
				8F1B02C70E117BC72CB134F0 /* Model */,
			);
			path = Common;
			sourceTree = "<group>";
		};
		78B0B617B7FE1D8FA4013348 /* Derived */ = {
			isa = PBXGroup;
			children = (
				CFFD97B5A06D441FD918FE91 /* InfoPlists */,
			);
			path = Derived;
			sourceTree = "<group>";
		};
		7C43B3B6C6887343879DD9D0 /* Extension */ = {
			isa = PBXGroup;
			children = (
				52737BF715048B9E9F482027 /* Date+Extension.swift */,
			);
			path = Extension;
			sourceTree = "<group>";
		};
		8A7E70D5672E5D20F65B53F0 /* Sources */ = {
			isa = PBXGroup;
			children = (
				6866E45E144E927919728F16 /* Common */,
				DC445FF38069964DA12D2432 /* View */,
				1F876E8119EFCC1B4F487D4D /* ContentView.swift */,
				A358B69CC630D3E4DB99D29A /* OrbitApp.swift */,
			);
			path = Sources;
			sourceTree = "<group>";
		};
		8F1B02C70E117BC72CB134F0 /* Model */ = {
			isa = PBXGroup;
			children = (
				3CB48928380DBC79007F1B4C /* Category.swift */,
				7CFEA693FACA1DA764A43EE0 /* Transaction.swift */,
			);
			path = Model;
			sourceTree = "<group>";
		};
		AF39417A1D7E03B7D3518F97 /* OrbitUITests */ = {
			isa = PBXGroup;
			children = (
				6B099CE992368842736A48DB /* OrbitUITests.swift */,
				A28DFDADFE30384EE17AD0F1 /* OrbitUITestsLaunchTests.swift */,
			);
			path = OrbitUITests;
			sourceTree = "<group>";
		};
		B0FDD3843A7F59E47834D851 /* TransactionList */ = {
			isa = PBXGroup;
			children = (
				2118BF4485C3B53C7EA96357 /* DailyTransactionListView.swift */,
				3F0A94D04189CA37A51B67E3 /* TransactionRowView.swift */,
			);
			path = TransactionList;
			sourceTree = "<group>";
		};
		B307547D1ABD752BE02491B9 /* Products */ = {
			isa = PBXGroup;
			children = (
				7BF62ED6659566618BD16F46 /* Orbit.app */,
				75010385893A952EE33B9BBD /* OrbitTests.xctest */,
				592CFCA1867533BFE1BD7548 /* OrbitUITests.xctest */,
			);
			name = Products;
			sourceTree = "<group>";
		};
		C5F01767FDAE31EE06DFF523 = {
			isa = PBXGroup;
			children = (
				B307547D1ABD752BE02491B9 /* Products */,
				5E43091C099655A00587B481 /* Project */,
			);
			sourceTree = "<group>";
		};
		CB650569D5A040647FB9E767 /* Orbit */ = {
			isa = PBXGroup;
			children = (
				1BF7E19CC113AD60557F4909 /* Orbit */,
			);
			path = Orbit;
			sourceTree = "<group>";
		};
		CFFD97B5A06D441FD918FE91 /* InfoPlists */ = {
			isa = PBXGroup;
			children = (
				A4307D28DB6313B8913A3AD4 /* Orbit-Info.plist */,
				06F972D97FBB808DD3009ACB /* OrbitTests-Info.plist */,
				702C2627EDCF0EA1B348A50A /* OrbitUITests-Info.plist */,
			);
			path = InfoPlists;
			sourceTree = "<group>";
		};
		DC445FF38069964DA12D2432 /* View */ = {
			isa = PBXGroup;
			children = (
				E0C86D1D51D2A4BAC1357F70 /* Home */,
				25964566A8554AF23646D178 /* SettingsView.swift */,
				D1BEDC6A7CD0CB1A6C42D351 /* StatisticsView.swift */,
				3D4D6F3E5B209BED006285FB /* TabBarView.swift */,
				FE3510850EACAC364900717B /* TransactionsView.swift */,
			);
			path = View;
			sourceTree = "<group>";
		};
		E0C86D1D51D2A4BAC1357F70 /* Home */ = {
			isa = PBXGroup;
			children = (
				2A78A93B70CB5D095699FA21 /* Calendar */,
				B0FDD3843A7F59E47834D851 /* TransactionList */,
				9CC42869CC373B92FB819D3B /* AddTransactionView.swift */,
				DFCDA9D708C134766B316CBF /* HomeView.swift */,
				59805E5B91445156ED61CF80 /* TranscationAddButton.swift */,
			);
			path = Home;
			sourceTree = "<group>";
		};
		F6F64BE6BA7C4F061F8F4E5D /* Enum */ = {
			isa = PBXGroup;
			children = (
				327BA3B23E4FD40F28153AA8 /* TransactionType.swift */,
			);
			path = Enum;
			sourceTree = "<group>";
		};
/* End PBXGroup section */

/* Begin PBXNativeTarget section */
		60C563C8337C0BB1E97DDB59 /* OrbitUITests */ = {
			isa = PBXNativeTarget;
			buildConfigurationList = 70326219EB34E5A4602DD84C /* Build configuration list for PBXNativeTarget "OrbitUITests" */;
			buildPhases = (
				8DD5A38E4BFE346562A7C4BC /* Sources */,
				594EB5649DCB88F8FE5D6D44 /* Resources */,
				5FF2D7A0F497DEB047C2AC57 /* Frameworks */,
				D60EFF89993DA83950EE7F1E /* Embed Frameworks */,
			);
			buildRules = (
			);
			dependencies = (
				9C481ADFABFF06D7A3D74BAC /* PBXTargetDependency */,
			);
			name = OrbitUITests;
			packageProductDependencies = (
			);
			productName = OrbitUITests;
			productReference = 592CFCA1867533BFE1BD7548 /* OrbitUITests.xctest */;
			productType = "com.apple.product-type.bundle.ui-testing";
		};
		70B3C73F363EEF5E0AD67831 /* OrbitTests */ = {
			isa = PBXNativeTarget;
			buildConfigurationList = A1F8B0B2C00262A4637BCFCA /* Build configuration list for PBXNativeTarget "OrbitTests" */;
			buildPhases = (
				2F83A56CBA225E887545FF40 /* Sources */,
				A4C069B677A0DCFEC6696ECA /* Resources */,
				392E3C19CF3C54842347D961 /* Frameworks */,
				346E05897B59A51607791699 /* Embed Frameworks */,
			);
			buildRules = (
			);
			dependencies = (
				48EBA926E7417E31CE9637EB /* PBXTargetDependency */,
			);
			name = OrbitTests;
			packageProductDependencies = (
			);
			productName = OrbitTests;
			productReference = 75010385893A952EE33B9BBD /* OrbitTests.xctest */;
			productType = "com.apple.product-type.bundle.unit-test";
		};
		B87EF018B641D85E34ED2D32 /* Orbit */ = {
			isa = PBXNativeTarget;
			buildConfigurationList = 1ED43C45F010E6E18A4680AC /* Build configuration list for PBXNativeTarget "Orbit" */;
			buildPhases = (
				1A83EACBC247740EBC0E6135 /* Sources */,
				744EABC5C142532226634E12 /* Resources */,
				AC23419267EB092E8D8A05AB /* Frameworks */,
				567C80CE5FC3F6BE91749ECB /* Embed Frameworks */,
			);
			buildRules = (
			);
			dependencies = (
			);
			name = Orbit;
			packageProductDependencies = (
			);
			productName = Orbit;
			productReference = 7BF62ED6659566618BD16F46 /* Orbit.app */;
			productType = "com.apple.product-type.application";
		};
/* End PBXNativeTarget section */

/* Begin PBXProject section */
		0A57824173AF238C16E5DFDB /* Project object */ = {
			isa = PBXProject;
			attributes = {
				BuildIndependentTargetsInParallel = YES;
				ORGANIZATIONNAME = xoul.kimkhuna;
				TargetAttributes = {
					60C563C8337C0BB1E97DDB59 = {
						TestTargetID = B87EF018B641D85E34ED2D32;
					};
					70B3C73F363EEF5E0AD67831 = {
						TestTargetID = B87EF018B641D85E34ED2D32;
					};
				};
			};
			buildConfigurationList = 3B09B19ED5B1850084012594 /* Build configuration list for PBXProject "Orbit" */;
			compatibilityVersion = "Xcode 14.0";
			developmentRegion = en;
			hasScannedForEncodings = 0;
			knownRegions = (
				Base,
				en,
			);
			mainGroup = C5F01767FDAE31EE06DFF523;
			productRefGroup = B307547D1ABD752BE02491B9 /* Products */;
			projectDirPath = "";
			projectRoot = "";
			targets = (
				B87EF018B641D85E34ED2D32 /* Orbit */,
				70B3C73F363EEF5E0AD67831 /* OrbitTests */,
				60C563C8337C0BB1E97DDB59 /* OrbitUITests */,
			);
		};
/* End PBXProject section */

/* Begin PBXResourcesBuildPhase section */
		594EB5649DCB88F8FE5D6D44 /* Resources */ = {
			isa = PBXResourcesBuildPhase;
			buildActionMask = 2147483647;
			files = (
			);
			runOnlyForDeploymentPostprocessing = 0;
		};
		744EABC5C142532226634E12 /* Resources */ = {
			isa = PBXResourcesBuildPhase;
			buildActionMask = 2147483647;
			files = (
			);
			runOnlyForDeploymentPostprocessing = 0;
		};
		A4C069B677A0DCFEC6696ECA /* Resources */ = {
			isa = PBXResourcesBuildPhase;
			buildActionMask = 2147483647;
			files = (
			);
			runOnlyForDeploymentPostprocessing = 0;
		};
/* End PBXResourcesBuildPhase section */

/* Begin PBXSourcesBuildPhase section */
		1A83EACBC247740EBC0E6135 /* Sources */ = {
			isa = PBXSourcesBuildPhase;
			buildActionMask = 2147483647;
			files = (
				76566190AB5F88C18105BB39 /* TransactionType.swift in Sources */,
				0950D2968A50340B722BE6DF /* Date+Extension.swift in Sources */,
				52F3EC4BC1F213E906783BDD /* Category.swift in Sources */,
				E6126717284F280B1CA732BE /* Transaction.swift in Sources */,
				EBA9ED85BA1FE01EE8AAD8F0 /* ContentView.swift in Sources */,
				70BE46B3392FBBE30C28B5A4 /* OrbitApp.swift in Sources */,
				16F9E11F5748F13797EBEEE4 /* AddTransactionView.swift in Sources */,
				C41C22D91004CF53BBDFD4C5 /* CalendarGridView.swift in Sources */,
				48292EB2DDBC1FB479A86E79 /* CalendarHeaderView.swift in Sources */,
				8B6C96169DC7267E12AD626C /* CalendarView.swift in Sources */,
				D2D890D7A16C50E3E0EA5889 /* CalendarViewModel.swift in Sources */,
				1C89BFC61BC442DC1072EFA7 /* DayButton.swift in Sources */,
				7DBAFCFB2E5EA5EE35D48F25 /* WeekdayHeaderView.swift in Sources */,
				8609B1E32DA8264E3DD21FA3 /* HomeView.swift in Sources */,
				5CAECABC93C4D56A9182395F /* DailyTransactionListView.swift in Sources */,
				FE665F2D0D85CDC1D062F53F /* TransactionRowView.swift in Sources */,
				90C3EDEC8B4DCCA7FB7DCA55 /* TranscationAddButton.swift in Sources */,
				4005EDC7AD44DB530C22EC37 /* SettingsView.swift in Sources */,
				13A80793605421A3903CD71A /* StatisticsView.swift in Sources */,
				C95D5E0664F2AFA4B6FF398C /* TabBarView.swift in Sources */,
				2EE19140588C98E6E31F575D /* TransactionsView.swift in Sources */,
			);
			runOnlyForDeploymentPostprocessing = 0;
		};
		2F83A56CBA225E887545FF40 /* Sources */ = {
			isa = PBXSourcesBuildPhase;
			buildActionMask = 2147483647;
			files = (
				F5E5F111796C73446BCEE61B /* OrbitTests.swift in Sources */,
			);
			runOnlyForDeploymentPostprocessing = 0;
		};
		8DD5A38E4BFE346562A7C4BC /* Sources */ = {
			isa = PBXSourcesBuildPhase;
			buildActionMask = 2147483647;
			files = (
				FD92D37B5E377566D009B372 /* OrbitUITests.swift in Sources */,
				3F3D1639DD7BBAE8750A67C2 /* OrbitUITestsLaunchTests.swift in Sources */,
			);
			runOnlyForDeploymentPostprocessing = 0;
		};
/* End PBXSourcesBuildPhase section */

/* Begin PBXTargetDependency section */
		48EBA926E7417E31CE9637EB /* PBXTargetDependency */ = {
			isa = PBXTargetDependency;
			name = Orbit;
			target = B87EF018B641D85E34ED2D32 /* Orbit */;
			targetProxy = 7F41001E01457D01BD6AFFA3 /* PBXContainerItemProxy */;
		};
		9C481ADFABFF06D7A3D74BAC /* PBXTargetDependency */ = {
			isa = PBXTargetDependency;
			name = Orbit;
			target = B87EF018B641D85E34ED2D32 /* Orbit */;
			targetProxy = 506E17A96F853FA73105BB02 /* PBXContainerItemProxy */;
		};
/* End PBXTargetDependency section */

/* Begin XCBuildConfiguration section */
		1C3F5A8A5772DFD0CD0785E5 /* Release */ = {
			isa = XCBuildConfiguration;
			buildSettings = {
				ASSETCATALOG_COMPILER_APPICON_NAME = AppIcon;
				ASSETCATALOG_COMPILER_GLOBAL_ACCENT_COLOR_NAME = AccentColor;
				CODE_SIGN_IDENTITY = "iPhone Developer";
				ENABLE_PREVIEWS = YES;
				INFOPLIST_FILE = "Derived/InfoPlists/Orbit-Info.plist";
				LD_RUNPATH_SEARCH_PATHS = (
					"$(inherited)",
					"@executable_path/Frameworks",
				);
				PRODUCT_BUNDLE_IDENTIFIER = kr.xoul.kimkhuna.Orbit;
				PRODUCT_NAME = Orbit;
				SDKROOT = iphoneos;
				SUPPORTS_MACCATALYST = NO;
				SUPPORTS_MAC_DESIGNED_FOR_IPHONE_IPAD = YES;
				SUPPORTS_XR_DESIGNED_FOR_IPHONE_IPAD = NO;
				SWIFT_COMPILATION_MODE = wholemodule;
				SWIFT_OPTIMIZATION_LEVEL = "-O";
				SWIFT_VERSION = 5.0;
				TARGETED_DEVICE_FAMILY = "1,2";
			};
			name = Release;
		};
		58C4C1DF9D487759A4FB7D08 /* Release */ = {
			isa = XCBuildConfiguration;
			buildSettings = {
				ALWAYS_SEARCH_USER_PATHS = NO;
				CLANG_ANALYZER_LOCALIZABILITY_NONLOCALIZED = YES;
				CLANG_ANALYZER_NONNULL = YES;
				CLANG_ANALYZER_NUMBER_OBJECT_CONVERSION = YES_AGGRESSIVE;
				CLANG_CXX_LANGUAGE_STANDARD = "gnu++14";
				CLANG_CXX_LIBRARY = "libc++";
				CLANG_ENABLE_MODULES = YES;
				CLANG_ENABLE_OBJC_ARC = YES;
				CLANG_ENABLE_OBJC_WEAK = YES;
				CLANG_WARN_BLOCK_CAPTURE_AUTORELEASING = YES;
				CLANG_WARN_BOOL_CONVERSION = YES;
				CLANG_WARN_COMMA = YES;
				CLANG_WARN_CONSTANT_CONVERSION = YES;
				CLANG_WARN_DEPRECATED_OBJC_IMPLEMENTATIONS = YES;
				CLANG_WARN_DIRECT_OBJC_ISA_USAGE = YES_ERROR;
				CLANG_WARN_DOCUMENTATION_COMMENTS = YES;
				CLANG_WARN_EMPTY_BODY = YES;
				CLANG_WARN_ENUM_CONVERSION = YES;
				CLANG_WARN_INFINITE_RECURSION = YES;
				CLANG_WARN_INT_CONVERSION = YES;
				CLANG_WARN_NON_LITERAL_NULL_CONVERSION = YES;
				CLANG_WARN_OBJC_IMPLICIT_RETAIN_SELF = YES;
				CLANG_WARN_OBJC_LITERAL_CONVERSION = YES;
				CLANG_WARN_OBJC_ROOT_CLASS = YES_ERROR;
				CLANG_WARN_QUOTED_INCLUDE_IN_FRAMEWORK_HEADER = YES;
				CLANG_WARN_RANGE_LOOP_ANALYSIS = YES;
				CLANG_WARN_STRICT_PROTOTYPES = YES;
				CLANG_WARN_SUSPICIOUS_MOVE = YES;
				CLANG_WARN_UNGUARDED_AVAILABILITY = YES_AGGRESSIVE;
				CLANG_WARN_UNREACHABLE_CODE = YES;
				CLANG_WARN__DUPLICATE_METHOD_MATCH = YES;
				COPY_PHASE_STRIP = NO;
				DEAD_CODE_STRIPPING = YES;
				DEBUG_INFORMATION_FORMAT = "dwarf-with-dsym";
				ENABLE_NS_ASSERTIONS = NO;
				ENABLE_STRICT_OBJC_MSGSEND = YES;
				GCC_C_LANGUAGE_STANDARD = gnu11;
				GCC_NO_COMMON_BLOCKS = YES;
				GCC_WARN_64_TO_32_BIT_CONVERSION = YES;
				GCC_WARN_ABOUT_RETURN_TYPE = YES_ERROR;
				GCC_WARN_UNDECLARED_SELECTOR = YES;
				GCC_WARN_UNINITIALIZED_AUTOS = YES_AGGRESSIVE;
				GCC_WARN_UNUSED_FUNCTION = YES;
				GCC_WARN_UNUSED_VARIABLE = YES;
				MTL_ENABLE_DEBUG_INFO = NO;
				PRODUCT_NAME = "$(TARGET_NAME)";
				VALIDATE_PRODUCT = YES;
			};
			name = Release;
		};
		73F0DFF75D6E8A438E59D6FA /* Debug */ = {
			isa = XCBuildConfiguration;
			buildSettings = {
				ASSETCATALOG_COMPILER_APPICON_NAME = AppIcon;
				ASSETCATALOG_COMPILER_GLOBAL_ACCENT_COLOR_NAME = AccentColor;
				CODE_SIGN_IDENTITY = "iPhone Developer";
				ENABLE_PREVIEWS = YES;
				INFOPLIST_FILE = "Derived/InfoPlists/Orbit-Info.plist";
				LD_RUNPATH_SEARCH_PATHS = (
					"$(inherited)",
					"@executable_path/Frameworks",
				);
				PRODUCT_BUNDLE_IDENTIFIER = kr.xoul.kimkhuna.Orbit;
				PRODUCT_NAME = Orbit;
				SDKROOT = iphoneos;
				SUPPORTS_MACCATALYST = NO;
				SUPPORTS_MAC_DESIGNED_FOR_IPHONE_IPAD = YES;
				SUPPORTS_XR_DESIGNED_FOR_IPHONE_IPAD = NO;
				SWIFT_ACTIVE_COMPILATION_CONDITIONS = "$(inherited) DEBUG";
				SWIFT_COMPILATION_MODE = singlefile;
				SWIFT_OPTIMIZATION_LEVEL = "-Onone";
				SWIFT_VERSION = 5.0;
				TARGETED_DEVICE_FAMILY = "1,2";
			};
			name = Debug;
		};
		91F06D89F9B92C31E55934B7 /* Debug */ = {
			isa = XCBuildConfiguration;
			buildSettings = {
				BUNDLE_LOADER = "$(TEST_HOST)";
				CODE_SIGN_IDENTITY = "iPhone Developer";
				INFOPLIST_FILE = "Derived/InfoPlists/OrbitTests-Info.plist";
				LD_RUNPATH_SEARCH_PATHS = (
					"$(inherited)",
					"@executable_path/Frameworks",
					"@loader_path/Frameworks",
				);
				PRODUCT_BUNDLE_IDENTIFIER = kr.xoul.kimkhuna.OrbitTests;
				PRODUCT_NAME = OrbitTests;
				SDKROOT = iphoneos;
				SUPPORTS_MACCATALYST = NO;
				SUPPORTS_MAC_DESIGNED_FOR_IPHONE_IPAD = YES;
				SUPPORTS_XR_DESIGNED_FOR_IPHONE_IPAD = NO;
				SWIFT_ACTIVE_COMPILATION_CONDITIONS = "$(inherited) DEBUG";
				SWIFT_COMPILATION_MODE = singlefile;
				SWIFT_OPTIMIZATION_LEVEL = "-Onone";
				SWIFT_VERSION = 5.0;
				TARGETED_DEVICE_FAMILY = "1,2";
				TEST_HOST = "$(BUILT_PRODUCTS_DIR)/Orbit.app/$(BUNDLE_EXECUTABLE_FOLDER_PATH)/Orbit";
				TEST_TARGET_NAME = Orbit;
			};
			name = Debug;
		};
		C53F9E88EFF3E749D28CEA46 /* Release */ = {
			isa = XCBuildConfiguration;
			buildSettings = {
				BUNDLE_LOADER = "$(TEST_HOST)";
				CODE_SIGN_IDENTITY = "iPhone Developer";
				INFOPLIST_FILE = "Derived/InfoPlists/OrbitTests-Info.plist";
				LD_RUNPATH_SEARCH_PATHS = (
					"$(inherited)",
					"@executable_path/Frameworks",
					"@loader_path/Frameworks",
				);
				PRODUCT_BUNDLE_IDENTIFIER = kr.xoul.kimkhuna.OrbitTests;
				PRODUCT_NAME = OrbitTests;
				SDKROOT = iphoneos;
				SUPPORTS_MACCATALYST = NO;
				SUPPORTS_MAC_DESIGNED_FOR_IPHONE_IPAD = YES;
				SUPPORTS_XR_DESIGNED_FOR_IPHONE_IPAD = NO;
				SWIFT_COMPILATION_MODE = wholemodule;
				SWIFT_OPTIMIZATION_LEVEL = "-O";
				SWIFT_VERSION = 5.0;
				TARGETED_DEVICE_FAMILY = "1,2";
				TEST_HOST = "$(BUILT_PRODUCTS_DIR)/Orbit.app/$(BUNDLE_EXECUTABLE_FOLDER_PATH)/Orbit";
				TEST_TARGET_NAME = Orbit;
			};
			name = Release;
		};
		CA1090AFD6418AF179169ECF /* Release */ = {
			isa = XCBuildConfiguration;
			buildSettings = {
				CODE_SIGN_IDENTITY = "iPhone Developer";
				INFOPLIST_FILE = "Derived/InfoPlists/OrbitUITests-Info.plist";
				LD_RUNPATH_SEARCH_PATHS = (
					"$(inherited)",
					"@executable_path/Frameworks",
					"@loader_path/Frameworks",
				);
				PRODUCT_BUNDLE_IDENTIFIER = kr.xoul.kimkhuna.OrbitUITests;
				PRODUCT_NAME = OrbitUITests;
				SDKROOT = iphoneos;
				SUPPORTS_MACCATALYST = NO;
				SUPPORTS_MAC_DESIGNED_FOR_IPHONE_IPAD = YES;
				SUPPORTS_XR_DESIGNED_FOR_IPHONE_IPAD = NO;
				SWIFT_COMPILATION_MODE = wholemodule;
				SWIFT_OPTIMIZATION_LEVEL = "-O";
				SWIFT_VERSION = 5.0;
				TARGETED_DEVICE_FAMILY = "1,2";
				TEST_TARGET_NAME = Orbit;
			};
			name = Release;
		};
		FBFF5D8A6298BD9025349208 /* Debug */ = {
			isa = XCBuildConfiguration;
			buildSettings = {
				ALWAYS_SEARCH_USER_PATHS = NO;
				CLANG_ANALYZER_LOCALIZABILITY_NONLOCALIZED = YES;
				CLANG_ANALYZER_NONNULL = YES;
				CLANG_ANALYZER_NUMBER_OBJECT_CONVERSION = YES_AGGRESSIVE;
				CLANG_CXX_LANGUAGE_STANDARD = "gnu++14";
				CLANG_CXX_LIBRARY = "libc++";
				CLANG_ENABLE_MODULES = YES;
				CLANG_ENABLE_OBJC_ARC = YES;
				CLANG_ENABLE_OBJC_WEAK = YES;
				CLANG_WARN_BLOCK_CAPTURE_AUTORELEASING = YES;
				CLANG_WARN_BOOL_CONVERSION = YES;
				CLANG_WARN_COMMA = YES;
				CLANG_WARN_CONSTANT_CONVERSION = YES;
				CLANG_WARN_DEPRECATED_OBJC_IMPLEMENTATIONS = YES;
				CLANG_WARN_DIRECT_OBJC_ISA_USAGE = YES_ERROR;
				CLANG_WARN_DOCUMENTATION_COMMENTS = YES;
				CLANG_WARN_EMPTY_BODY = YES;
				CLANG_WARN_ENUM_CONVERSION = YES;
				CLANG_WARN_INFINITE_RECURSION = YES;
				CLANG_WARN_INT_CONVERSION = YES;
				CLANG_WARN_NON_LITERAL_NULL_CONVERSION = YES;
				CLANG_WARN_OBJC_IMPLICIT_RETAIN_SELF = YES;
				CLANG_WARN_OBJC_LITERAL_CONVERSION = YES;
				CLANG_WARN_OBJC_ROOT_CLASS = YES_ERROR;
				CLANG_WARN_QUOTED_INCLUDE_IN_FRAMEWORK_HEADER = YES;
				CLANG_WARN_RANGE_LOOP_ANALYSIS = YES;
				CLANG_WARN_STRICT_PROTOTYPES = YES;
				CLANG_WARN_SUSPICIOUS_MOVE = YES;
				CLANG_WARN_UNGUARDED_AVAILABILITY = YES_AGGRESSIVE;
				CLANG_WARN_UNREACHABLE_CODE = YES;
				CLANG_WARN__DUPLICATE_METHOD_MATCH = YES;
				COPY_PHASE_STRIP = NO;
				DEAD_CODE_STRIPPING = YES;
				DEBUG_INFORMATION_FORMAT = dwarf;
				ENABLE_STRICT_OBJC_MSGSEND = YES;
				ENABLE_TESTABILITY = YES;
				GCC_C_LANGUAGE_STANDARD = gnu11;
				GCC_DYNAMIC_NO_PIC = NO;
				GCC_NO_COMMON_BLOCKS = YES;
				GCC_OPTIMIZATION_LEVEL = 0;
				GCC_PREPROCESSOR_DEFINITIONS = (
					"DEBUG=1",
					"$(inherited)",
				);
				GCC_WARN_64_TO_32_BIT_CONVERSION = YES;
				GCC_WARN_ABOUT_RETURN_TYPE = YES_ERROR;
				GCC_WARN_UNDECLARED_SELECTOR = YES;
				GCC_WARN_UNINITIALIZED_AUTOS = YES_AGGRESSIVE;
				GCC_WARN_UNUSED_FUNCTION = YES;
				GCC_WARN_UNUSED_VARIABLE = YES;
				MTL_ENABLE_DEBUG_INFO = YES;
				ONLY_ACTIVE_ARCH = YES;
				PRODUCT_NAME = "$(TARGET_NAME)";
			};
			name = Debug;
		};
		FE2C67ABC00F97626F71D836 /* Debug */ = {
			isa = XCBuildConfiguration;
			buildSettings = {
				CODE_SIGN_IDENTITY = "iPhone Developer";
				INFOPLIST_FILE = "Derived/InfoPlists/OrbitUITests-Info.plist";
				LD_RUNPATH_SEARCH_PATHS = (
					"$(inherited)",
					"@executable_path/Frameworks",
					"@loader_path/Frameworks",
				);
				PRODUCT_BUNDLE_IDENTIFIER = kr.xoul.kimkhuna.OrbitUITests;
				PRODUCT_NAME = OrbitUITests;
				SDKROOT = iphoneos;
				SUPPORTS_MACCATALYST = NO;
				SUPPORTS_MAC_DESIGNED_FOR_IPHONE_IPAD = YES;
				SUPPORTS_XR_DESIGNED_FOR_IPHONE_IPAD = NO;
				SWIFT_ACTIVE_COMPILATION_CONDITIONS = "$(inherited) DEBUG";
				SWIFT_COMPILATION_MODE = singlefile;
				SWIFT_OPTIMIZATION_LEVEL = "-Onone";
				SWIFT_VERSION = 5.0;
				TARGETED_DEVICE_FAMILY = "1,2";
				TEST_TARGET_NAME = Orbit;
			};
			name = Debug;
		};
/* End XCBuildConfiguration section */

/* Begin XCConfigurationList section */
		1ED43C45F010E6E18A4680AC /* Build configuration list for PBXNativeTarget "Orbit" */ = {
			isa = XCConfigurationList;
			buildConfigurations = (
				73F0DFF75D6E8A438E59D6FA /* Debug */,
				1C3F5A8A5772DFD0CD0785E5 /* Release */,
			);
			defaultConfigurationIsVisible = 0;
			defaultConfigurationName = Release;
		};
		3B09B19ED5B1850084012594 /* Build configuration list for PBXProject "Orbit" */ = {
			isa = XCConfigurationList;
			buildConfigurations = (
				FBFF5D8A6298BD9025349208 /* Debug */,
				58C4C1DF9D487759A4FB7D08 /* Release */,
			);
			defaultConfigurationIsVisible = 0;
			defaultConfigurationName = Release;
		};
		70326219EB34E5A4602DD84C /* Build configuration list for PBXNativeTarget "OrbitUITests" */ = {
			isa = XCConfigurationList;
			buildConfigurations = (
				FE2C67ABC00F97626F71D836 /* Debug */,
				CA1090AFD6418AF179169ECF /* Release */,
			);
			defaultConfigurationIsVisible = 0;
			defaultConfigurationName = Release;
		};
		A1F8B0B2C00262A4637BCFCA /* Build configuration list for PBXNativeTarget "OrbitTests" */ = {
			isa = XCConfigurationList;
			buildConfigurations = (
				91F06D89F9B92C31E55934B7 /* Debug */,
				C53F9E88EFF3E749D28CEA46 /* Release */,
			);
			defaultConfigurationIsVisible = 0;
			defaultConfigurationName = Release;
		};
/* End XCConfigurationList section */
	};
	rootObject = 0A57824173AF238C16E5DFDB /* Project object */;
}
